
Microsoft Visual Studio Solution File, Format Version 12.00
# Visual Studio Version 17
VisualStudioVersion = 17.1.32210.238
MinimumVisualStudioVersion = 10.0.40219.1
Project("{FAE04EC0-301F-11D3-BF4B-00C04F79EFBC}") = "ClassMetodDemo", "ClassMetodDemo\ClassMetodDemo.csproj", "{8D15D6AF-89C3-4812-A346-DDCA128932D6}"
EndProject
Global
	GlobalSection(SolutionConfigurationPlatforms) = preSolution
		Debug|Any CPU = Debug|Any CPU
		Release|Any CPU = Release|Any CPU
	EndGlobalSection
	GlobalSection(ProjectConfigurationPlatforms) = postSolution
		{8D15D6AF-89C3-4812-A346-DDCA128932D6}.Debug|Any CPU.ActiveCfg = Debug|Any CPU
		{8D15D6AF-89C3-4812-A346-DDCA128932D6}.Debug|Any CPU.Build.0 = Debug|Any CPU
		{8D15D6AF-89C3-4812-A346-DDCA128932D6}.Release|Any CPU.ActiveCfg = Release|Any CPU
		{8D15D6AF-89C3-4812-A346-DDCA128932D6}.Release|Any CPU.Build.0 = Release|Any CPU
	EndGlobalSection
	GlobalSection(SolutionProperties) = preSolution
		HideSolutionNode = FALSE
	EndGlobalSection
	GlobalSection(ExtensibilityGlobals) = postSolution
		SolutionGuid = {73AC250C-3948-4848-9A14-4F0FE0A72B31}
	EndGlobalSection
EndGlobal
